
Microsoft Visual Studio Solution File, Format Version 12.00
# Visual Studio Version 17
VisualStudioVersion = 17.4.33205.214
MinimumVisualStudioVersion = 10.0.40219.1
Project("{FAE04EC0-301F-11D3-BF4B-00C04F79EFBC}") = "EvTapshirigi5", "EvTapshirigi5\EvTapshirigi5.csproj", "{A1E4576A-8536-4FA6-BB95-098AFDB7BF31}"
EndProject
Global
	GlobalSection(SolutionConfigurationPlatforms) = preSolution
		Debug|Any CPU = Debug|Any CPU
		Release|Any CPU = Release|Any CPU
	EndGlobalSection
	GlobalSection(ProjectConfigurationPlatforms) = postSolution
		{A1E4576A-8536-4FA6-BB95-098AFDB7BF31}.Debug|Any CPU.ActiveCfg = Debug|Any CPU
		{A1E4576A-8536-4FA6-BB95-098AFDB7BF31}.Debug|Any CPU.Build.0 = Debug|Any CPU
		{A1E4576A-8536-4FA6-BB95-098AFDB7BF31}.Release|Any CPU.ActiveCfg = Release|Any CPU
		{A1E4576A-8536-4FA6-BB95-098AFDB7BF31}.Release|Any CPU.Build.0 = Release|Any CPU
	EndGlobalSection
	GlobalSection(SolutionProperties) = preSolution
		HideSolutionNode = FALSE
	EndGlobalSection
	GlobalSection(ExtensibilityGlobals) = postSolution
		SolutionGuid = {7799282B-6B2D-45B1-B7DE-9607F9F0ECE4}
	EndGlobalSection
EndGlobal
